
Microsoft Visual Studio Solution File, Format Version 12.00
# Blend for Visual Studio Version 16
VisualStudioVersion = 16.0.32106.194
MinimumVisualStudioVersion = 10.0.40219.1
Project("{E24C65DC-7377-472B-9ABA-BC803B73C61A}") = "WebApp", "WebApp", "{2D63EE84-3E70-4502-8A13-ABF7A1484D8A}"
	ProjectSection(WebsiteProperties) = preProject
		SccProjectName = ""
		SccAuxPath = ""
		SccLocalPath = ""
		SccProvider = ""
		TargetFramework = "3.5"
		ProjectReferences = "{4308F0D0-DFB9-487E-8FB2-F968A20EF4F8}|Attune.Podium.ExcelExportManager.dll;{B9D3088D-9154-477E-923D-FC2300D3E1D8}|Attune.Podium.Billing.dll;{295E0A00-29AF-4F05-93CB-2EE4A0999920}|Attune.Podium.BusinessEntities.dll;{D3ADADE4-0F09-470E-97FE-102A882B5D40}|Attune.Solution.BusinessComponent.dll;{DEED9B35-5EA6-46E1-BB97-00411F536F79}|Attune.Podium.Common.dll;{4442C26C-ED61-4499-8843-2897C0A194C8}|Attune.Podium.DataAccessLayer.dll;{BACAFDB3-30C8-4CD0-AA34-9E9F595288D4}|Attune.Solution.DAL.dll;{3B36E9CE-2DD7-4961-9E53-531ADECF00EE}|DataBaseFiles.dll;{03ADEB32-BC0A-43E8-9780-F5472F3DB079}|Attune.Podium.EMR.dll;{B164B186-0697-4CC6-A665-78260F80003E}|Attune.Podium.FileUpload.dll;{ED002B50-7B4B-4444-9F59-96913A4DABD3}|Attune.Podium.NewInstanceCreation.dll;{AFD85C33-7471-4212-822A-1AF4DA88AA27}|Attune.Podium.SmartAccessor.dll;{5BAF413A-8CD3-4B2F-A3CD-8D3FD93E4459}|Attune.Podium.TrustedOrg.dll;{96387394-E71D-432B-A5D9-CDFD9F33BFD3}|PerformingNextAction.dll;{876B4326-CAA7-4C58-B1F2-9B2A9D7B98DF}|Attune.Podium.DataAccessEngine.dll;{DA78B669-2791-4E17-A91A-1160409F7EE4}|ClientEntity.dll;"
		Debug.AspNetCompiler.VirtualPath = "/WebApp"
		Debug.AspNetCompiler.PhysicalPath = "WebApp\"
		Debug.AspNetCompiler.TargetPath = "PrecompiledWeb\WebApp\"
		Debug.AspNetCompiler.Updateable = "true"
		Debug.AspNetCompiler.ForceOverwrite = "true"
		Debug.AspNetCompiler.FixedNames = "false"
		Debug.AspNetCompiler.Debug = "True"
		Release.AspNetCompiler.VirtualPath = "/WebApp"
		Release.AspNetCompiler.PhysicalPath = "WebApp\"
		Release.AspNetCompiler.TargetPath = "PrecompiledWeb\WebApp\"
		Release.AspNetCompiler.Updateable = "true"
		Release.AspNetCompiler.ForceOverwrite = "true"
		Release.AspNetCompiler.FixedNames = "false"
		Release.AspNetCompiler.Debug = "False"
		VWDPort = "9603"
	EndProjectSection
EndProject
Project("{FAE04EC0-301F-11D3-BF4B-00C04F79EFBC}") = "DataAccessLayer_Sol", "DataAccessLayer\DataAccessLayer_Sol.csproj", "{BACAFDB3-30C8-4CD0-AA34-9E9F595288D4}"
EndProject
Project("{FAE04EC0-301F-11D3-BF4B-00C04F79EFBC}") = "DataAccessEngine", "..\Podium\DBEngine\DataAccessEngine.csproj", "{876B4326-CAA7-4C58-B1F2-9B2A9D7B98DF}"
EndProject
Project("{FAE04EC0-301F-11D3-BF4B-00C04F79EFBC}") = "Billing", "..\Podium\Billing\Billing.csproj", "{B9D3088D-9154-477E-923D-FC2300D3E1D8}"
EndProject
Project("{FAE04EC0-301F-11D3-BF4B-00C04F79EFBC}") = "BusinessEntities", "..\Podium\BusinessEntities\BusinessEntities.csproj", "{295E0A00-29AF-4F05-93CB-2EE4A0999920}"
EndProject
Project("{FAE04EC0-301F-11D3-BF4B-00C04F79EFBC}") = "Common", "..\Podium\Common\Common.csproj", "{DEED9B35-5EA6-46E1-BB97-00411F536F79}"
EndProject
Project("{FAE04EC0-301F-11D3-BF4B-00C04F79EFBC}") = "DataAccessLayer_Pod", "..\Podium\DataAccessLayer\DataAccessLayer_Pod.csproj", "{4442C26C-ED61-4499-8843-2897C0A194C8}"
EndProject
Project("{FAE04EC0-301F-11D3-BF4B-00C04F79EFBC}") = "TrustedOrg", "..\Podium\TrustedOrgMGMT\TrustedOrg.csproj", "{5BAF413A-8CD3-4B2F-A3CD-8D3FD93E4459}"
EndProject
Project("{FAE04EC0-301F-11D3-BF4B-00C04F79EFBC}") = "FileUploadManager", "..\Podium\FileUploadManager\FileUploadManager.csproj", "{B164B186-0697-4CC6-A665-78260F80003E}"
EndProject
Project("{FAE04EC0-301F-11D3-BF4B-00C04F79EFBC}") = "SmartAccessor", "..\Podium\SmartAccessor\SmartAccessor.csproj", "{AFD85C33-7471-4212-822A-1AF4DA88AA27}"
EndProject
Project("{FAE04EC0-301F-11D3-BF4B-00C04F79EFBC}") = "NewInstanceCreation", "..\Podium\NewInstanceCreation\NewInstanceCreation.csproj", "{ED002B50-7B4B-4444-9F59-96913A4DABD3}"
EndProject
Project("{FAE04EC0-301F-11D3-BF4B-00C04F79EFBC}") = "EMR", "..\Podium\EMR\EMR.csproj", "{03ADEB32-BC0A-43E8-9780-F5472F3DB079}"
EndProject
Project("{FAE04EC0-301F-11D3-BF4B-00C04F79EFBC}") = "BusinessLogic", "BusinessLogic\BusinessLogic.csproj", "{D3ADADE4-0F09-470E-97FE-102A882B5D40}"
EndProject
Project("{FAE04EC0-301F-11D3-BF4B-00C04F79EFBC}") = "ExcelExportManager", "..\Podium\ExcelExportManager\ExcelExportManager.csproj", "{4308F0D0-DFB9-487E-8FB2-F968A20EF4F8}"
EndProject
Project("{FAE04EC0-301F-11D3-BF4B-00C04F79EFBC}") = "DataBaseFiles", "..\DataBaseFiles\DataBaseFiles.csproj", "{3B36E9CE-2DD7-4961-9E53-531ADECF00EE}"
EndProject
Project("{FAE04EC0-301F-11D3-BF4B-00C04F79EFBC}") = "PerformingNextAction", "..\Podium\PerformingNextAction\PerformingNextAction.csproj", "{96387394-E71D-432B-A5D9-CDFD9F33BFD3}"
EndProject
Project("{FAE04EC0-301F-11D3-BF4B-00C04F79EFBC}") = "ReportBusinessLogic", "..\Podium\ReportBusinessLogic\ReportBusinessLogic.csproj", "{E1DF1118-F822-45FB-A7CB-47A64D0384E2}"
EndProject
Project("{FAE04EC0-301F-11D3-BF4B-00C04F79EFBC}") = "ReportDataAccessLayer", "..\Podium\ReportDataAccessLayer\ReportDataAccessLayer.csproj", "{2D609152-BF0E-43F6-94A7-1AD132B3AF31}"
EndProject
Project("{FAE04EC0-301F-11D3-BF4B-00C04F79EFBC}") = "InvBulkDataBusinessLogic", "InvBulkDataBusinessLogic\InvBulkDataBusinessLogic.csproj", "{E279DCB5-3480-4BF7-B61F-08F1CD1B6A13}"
EndProject
Project("{FAE04EC0-301F-11D3-BF4B-00C04F79EFBC}") = "InvBulkDataDataAccessLayer", "InvBulkDataDataAccessLayer\InvBulkDataDataAccessLayer.csproj", "{32CC78EF-FCDF-439A-8505-91A4EFAEA7FA}"
EndProject
Project("{FAE04EC0-301F-11D3-BF4B-00C04F79EFBC}") = "HomeCollectionsBL", "HomeCollections\HomeCollectionsBL\HomeCollectionsBL.csproj", "{70A080F7-955D-44D2-BA93-CB6922F0A64E}"
EndProject
Project("{FAE04EC0-301F-11D3-BF4B-00C04F79EFBC}") = "HomeCollectionsDAL", "HomeCollections\HomeCollectionsDAL\HomeCollectionsDAL.csproj", "{3C6F92A5-3B0D-4E51-B8C3-A41F52B5FEE0}"
EndProject
Project("{FAE04EC0-301F-11D3-BF4B-00C04F79EFBC}") = "BusinessLogic_Ledger", "BusinessLogic_Ledger\BusinessLogic_Ledger.csproj", "{E9AFF3D3-A0FE-4EA2-817E-63CDED2CE782}"
EndProject
Project("{FAE04EC0-301F-11D3-BF4B-00C04F79EFBC}") = "DataAccessLayer_Ledger", "DataAccessLayer_Ledger\DataAccessLayer_Ledger.csproj", "{64D2648E-1E02-4BF4-BEEC-2B7DD1E4422E}"
EndProject
Project("{FAE04EC0-301F-11D3-BF4B-00C04F79EFBC}") = "MonitoringSystem", "..\Podium\MonitoringSystem\MonitoringSystem.csproj", "{687670CE-9BDA-488F-83CA-A55426BBEFA3}"
EndProject
Project("{FAE04EC0-301F-11D3-BF4B-00C04F79EFBC}") = "BusinessLogic_InvoiceLedger", "BusinessLogic_InvoiceLedger\BusinessLogic_InvoiceLedger.csproj", "{27685E34-28D3-4C3E-84C6-526076A9A30D}"
EndProject
Project("{FAE04EC0-301F-11D3-BF4B-00C04F79EFBC}") = "DataAccessLayer_InvoiceLedger", "DataAccessLayer_InvoiceLedger\DataAccessLayer_InvoiceLedger.csproj", "{80B8317F-654E-42BB-821A-D35A3ADEB0A6}"
EndProject
Project("{FAE04EC0-301F-11D3-BF4B-00C04F79EFBC}") = "ClientEntity", "ClientEntity\ClientEntity.csproj", "{DA78B669-2791-4E17-A91A-1160409F7EE4}"
EndProject
Project("{FAE04EC0-301F-11D3-BF4B-00C04F79EFBC}") = "Hl7toXMLGenerator", "Hl7toXMLGenerator\Hl7toXMLGenerator.csproj", "{9E3B3818-51E2-4E90-B492-910D5E87B648}"
EndProject
Project("{FAE04EC0-301F-11D3-BF4B-00C04F79EFBC}") = "QMSBasecClassConvert", "QMSBasecClassConvert\QMSBasecClassConvert.csproj", "{471E8821-75EF-4306-B279-6EFCC5CEFEC9}"
EndProject
Project("{FAE04EC0-301F-11D3-BF4B-00C04F79EFBC}") = "QMSBusinessEntities", "QMSBusinessEntities\QMSBusinessEntities.csproj", "{4BE31B7F-2183-4BE0-8B29-E5BB2D6DD15C}"
EndProject
Project("{FAE04EC0-301F-11D3-BF4B-00C04F79EFBC}") = "QMSBusinessLogic", "QMSBusinessLogic\QMSBusinessLogic.csproj", "{90B80731-72F4-491A-BB2C-BE9B9B9EA00E}"
EndProject
Project("{FAE04EC0-301F-11D3-BF4B-00C04F79EFBC}") = "QMSDataAccessLayer", "QMSDataAccessLayer\QMSDataAccessLayer.csproj", "{BC967166-C258-4BDE-A316-015B7A8D56C0}"
EndProject
Global
	GlobalSection(SolutionConfigurationPlatforms) = preSolution
		Debug|Any CPU = Debug|Any CPU
		Release|Any CPU = Release|Any CPU
	EndGlobalSection
	GlobalSection(ProjectConfigurationPlatforms) = postSolution
		{2D63EE84-3E70-4502-8A13-ABF7A1484D8A}.Debug|Any CPU.ActiveCfg = Debug|Any CPU
		{2D63EE84-3E70-4502-8A13-ABF7A1484D8A}.Debug|Any CPU.Build.0 = Debug|Any CPU
		{2D63EE84-3E70-4502-8A13-ABF7A1484D8A}.Release|Any CPU.ActiveCfg = Debug|Any CPU
		{2D63EE84-3E70-4502-8A13-ABF7A1484D8A}.Release|Any CPU.Build.0 = Debug|Any CPU
		{BACAFDB3-30C8-4CD0-AA34-9E9F595288D4}.Debug|Any CPU.ActiveCfg = Debug|Any CPU
		{BACAFDB3-30C8-4CD0-AA34-9E9F595288D4}.Debug|Any CPU.Build.0 = Debug|Any CPU
		{BACAFDB3-30C8-4CD0-AA34-9E9F595288D4}.Release|Any CPU.ActiveCfg = Debug|Any CPU
		{BACAFDB3-30C8-4CD0-AA34-9E9F595288D4}.Release|Any CPU.Build.0 = Debug|Any CPU
		{876B4326-CAA7-4C58-B1F2-9B2A9D7B98DF}.Debug|Any CPU.ActiveCfg = Debug|Any CPU
		{876B4326-CAA7-4C58-B1F2-9B2A9D7B98DF}.Debug|Any CPU.Build.0 = Debug|Any CPU
		{876B4326-CAA7-4C58-B1F2-9B2A9D7B98DF}.Release|Any CPU.ActiveCfg = Debug|Any CPU
		{876B4326-CAA7-4C58-B1F2-9B2A9D7B98DF}.Release|Any CPU.Build.0 = Debug|Any CPU
		{B9D3088D-9154-477E-923D-FC2300D3E1D8}.Debug|Any CPU.ActiveCfg = Debug|Any CPU
		{B9D3088D-9154-477E-923D-FC2300D3E1D8}.Debug|Any CPU.Build.0 = Debug|Any CPU
		{B9D3088D-9154-477E-923D-FC2300D3E1D8}.Release|Any CPU.ActiveCfg = Debug|Any CPU
		{B9D3088D-9154-477E-923D-FC2300D3E1D8}.Release|Any CPU.Build.0 = Debug|Any CPU
		{295E0A00-29AF-4F05-93CB-2EE4A0999920}.Debug|Any CPU.ActiveCfg = Debug|Any CPU
		{295E0A00-29AF-4F05-93CB-2EE4A0999920}.Debug|Any CPU.Build.0 = Debug|Any CPU
		{295E0A00-29AF-4F05-93CB-2EE4A0999920}.Release|Any CPU.ActiveCfg = Debug|Any CPU
		{295E0A00-29AF-4F05-93CB-2EE4A0999920}.Release|Any CPU.Build.0 = Debug|Any CPU
		{DEED9B35-5EA6-46E1-BB97-00411F536F79}.Debug|Any CPU.ActiveCfg = Debug|Any CPU
		{DEED9B35-5EA6-46E1-BB97-00411F536F79}.Debug|Any CPU.Build.0 = Debug|Any CPU
		{DEED9B35-5EA6-46E1-BB97-00411F536F79}.Release|Any CPU.ActiveCfg = Debug|Any CPU
		{DEED9B35-5EA6-46E1-BB97-00411F536F79}.Release|Any CPU.Build.0 = Debug|Any CPU
		{4442C26C-ED61-4499-8843-2897C0A194C8}.Debug|Any CPU.ActiveCfg = Debug|Any CPU
		{4442C26C-ED61-4499-8843-2897C0A194C8}.Debug|Any CPU.Build.0 = Debug|Any CPU
		{4442C26C-ED61-4499-8843-2897C0A194C8}.Release|Any CPU.ActiveCfg = Debug|Any CPU
		{4442C26C-ED61-4499-8843-2897C0A194C8}.Release|Any CPU.Build.0 = Debug|Any CPU
		{5BAF413A-8CD3-4B2F-A3CD-8D3FD93E4459}.Debug|Any CPU.ActiveCfg = Debug|Any CPU
		{5BAF413A-8CD3-4B2F-A3CD-8D3FD93E4459}.Debug|Any CPU.Build.0 = Debug|Any CPU
		{5BAF413A-8CD3-4B2F-A3CD-8D3FD93E4459}.Release|Any CPU.ActiveCfg = Release|Any CPU
		{5BAF413A-8CD3-4B2F-A3CD-8D3FD93E4459}.Release|Any CPU.Build.0 = Release|Any CPU
		{B164B186-0697-4CC6-A665-78260F80003E}.Debug|Any CPU.ActiveCfg = Debug|Any CPU
		{B164B186-0697-4CC6-A665-78260F80003E}.Debug|Any CPU.Build.0 = Debug|Any CPU
		{B164B186-0697-4CC6-A665-78260F80003E}.Release|Any CPU.ActiveCfg = Release|Any CPU
		{B164B186-0697-4CC6-A665-78260F80003E}.Release|Any CPU.Build.0 = Release|Any CPU
		{AFD85C33-7471-4212-822A-1AF4DA88AA27}.Debug|Any CPU.ActiveCfg = Debug|Any CPU
		{AFD85C33-7471-4212-822A-1AF4DA88AA27}.Debug|Any CPU.Build.0 = Debug|Any CPU
		{AFD85C33-7471-4212-822A-1AF4DA88AA27}.Release|Any CPU.ActiveCfg = Release|Any CPU
		{AFD85C33-7471-4212-822A-1AF4DA88AA27}.Release|Any CPU.Build.0 = Release|Any CPU
		{ED002B50-7B4B-4444-9F59-96913A4DABD3}.Debug|Any CPU.ActiveCfg = Debug|Any CPU
		{ED002B50-7B4B-4444-9F59-96913A4DABD3}.Debug|Any CPU.Build.0 = Debug|Any CPU
		{ED002B50-7B4B-4444-9F59-96913A4DABD3}.Release|Any CPU.ActiveCfg = Release|Any CPU
		{ED002B50-7B4B-4444-9F59-96913A4DABD3}.Release|Any CPU.Build.0 = Release|Any CPU
		{03ADEB32-BC0A-43E8-9780-F5472F3DB079}.Debug|Any CPU.ActiveCfg = Debug|Any CPU
		{03ADEB32-BC0A-43E8-9780-F5472F3DB079}.Debug|Any CPU.Build.0 = Debug|Any CPU
		{03ADEB32-BC0A-43E8-9780-F5472F3DB079}.Release|Any CPU.ActiveCfg = Release|Any CPU
		{03ADEB32-BC0A-43E8-9780-F5472F3DB079}.Release|Any CPU.Build.0 = Release|Any CPU
		{D3ADADE4-0F09-470E-97FE-102A882B5D40}.Debug|Any CPU.ActiveCfg = Debug|Any CPU
		{D3ADADE4-0F09-470E-97FE-102A882B5D40}.Debug|Any CPU.Build.0 = Debug|Any CPU
		{D3ADADE4-0F09-470E-97FE-102A882B5D40}.Release|Any CPU.ActiveCfg = Release|Any CPU
		{D3ADADE4-0F09-470E-97FE-102A882B5D40}.Release|Any CPU.Build.0 = Release|Any CPU
		{4308F0D0-DFB9-487E-8FB2-F968A20EF4F8}.Debug|Any CPU.ActiveCfg = Debug|Any CPU
		{4308F0D0-DFB9-487E-8FB2-F968A20EF4F8}.Debug|Any CPU.Build.0 = Debug|Any CPU
		{4308F0D0-DFB9-487E-8FB2-F968A20EF4F8}.Release|Any CPU.ActiveCfg = Release|Any CPU
		{4308F0D0-DFB9-487E-8FB2-F968A20EF4F8}.Release|Any CPU.Build.0 = Release|Any CPU
		{3B36E9CE-2DD7-4961-9E53-531ADECF00EE}.Debug|Any CPU.ActiveCfg = Debug|Any CPU
		{3B36E9CE-2DD7-4961-9E53-531ADECF00EE}.Debug|Any CPU.Build.0 = Debug|Any CPU
		{3B36E9CE-2DD7-4961-9E53-531ADECF00EE}.Release|Any CPU.ActiveCfg = Release|Any CPU
		{3B36E9CE-2DD7-4961-9E53-531ADECF00EE}.Release|Any CPU.Build.0 = Release|Any CPU
		{96387394-E71D-432B-A5D9-CDFD9F33BFD3}.Debug|Any CPU.ActiveCfg = Debug|Any CPU
		{96387394-E71D-432B-A5D9-CDFD9F33BFD3}.Debug|Any CPU.Build.0 = Debug|Any CPU
		{96387394-E71D-432B-A5D9-CDFD9F33BFD3}.Release|Any CPU.ActiveCfg = Release|Any CPU
		{96387394-E71D-432B-A5D9-CDFD9F33BFD3}.Release|Any CPU.Build.0 = Release|Any CPU
		{E1DF1118-F822-45FB-A7CB-47A64D0384E2}.Debug|Any CPU.ActiveCfg = Debug|Any CPU
		{E1DF1118-F822-45FB-A7CB-47A64D0384E2}.Debug|Any CPU.Build.0 = Debug|Any CPU
		{E1DF1118-F822-45FB-A7CB-47A64D0384E2}.Release|Any CPU.ActiveCfg = Release|Any CPU
		{E1DF1118-F822-45FB-A7CB-47A64D0384E2}.Release|Any CPU.Build.0 = Release|Any CPU
		{2D609152-BF0E-43F6-94A7-1AD132B3AF31}.Debug|Any CPU.ActiveCfg = Debug|Any CPU
		{2D609152-BF0E-43F6-94A7-1AD132B3AF31}.Debug|Any CPU.Build.0 = Debug|Any CPU
		{2D609152-BF0E-43F6-94A7-1AD132B3AF31}.Release|Any CPU.ActiveCfg = Release|Any CPU
		{2D609152-BF0E-43F6-94A7-1AD132B3AF31}.Release|Any CPU.Build.0 = Release|Any CPU
		{E279DCB5-3480-4BF7-B61F-08F1CD1B6A13}.Debug|Any CPU.ActiveCfg = Debug|Any CPU
		{E279DCB5-3480-4BF7-B61F-08F1CD1B6A13}.Debug|Any CPU.Build.0 = Debug|Any CPU
		{E279DCB5-3480-4BF7-B61F-08F1CD1B6A13}.Release|Any CPU.ActiveCfg = Release|Any CPU
		{E279DCB5-3480-4BF7-B61F-08F1CD1B6A13}.Release|Any CPU.Build.0 = Release|Any CPU
		{32CC78EF-FCDF-439A-8505-91A4EFAEA7FA}.Debug|Any CPU.ActiveCfg = Debug|Any CPU
		{32CC78EF-FCDF-439A-8505-91A4EFAEA7FA}.Debug|Any CPU.Build.0 = Debug|Any CPU
		{32CC78EF-FCDF-439A-8505-91A4EFAEA7FA}.Release|Any CPU.ActiveCfg = Release|Any CPU
		{32CC78EF-FCDF-439A-8505-91A4EFAEA7FA}.Release|Any CPU.Build.0 = Release|Any CPU
		{70A080F7-955D-44D2-BA93-CB6922F0A64E}.Debug|Any CPU.ActiveCfg = Debug|Any CPU
		{70A080F7-955D-44D2-BA93-CB6922F0A64E}.Debug|Any CPU.Build.0 = Debug|Any CPU
		{70A080F7-955D-44D2-BA93-CB6922F0A64E}.Release|Any CPU.ActiveCfg = Release|Any CPU
		{70A080F7-955D-44D2-BA93-CB6922F0A64E}.Release|Any CPU.Build.0 = Release|Any CPU
		{3C6F92A5-3B0D-4E51-B8C3-A41F52B5FEE0}.Debug|Any CPU.ActiveCfg = Debug|Any CPU
		{3C6F92A5-3B0D-4E51-B8C3-A41F52B5FEE0}.Debug|Any CPU.Build.0 = Debug|Any CPU
		{3C6F92A5-3B0D-4E51-B8C3-A41F52B5FEE0}.Release|Any CPU.ActiveCfg = Release|Any CPU
		{3C6F92A5-3B0D-4E51-B8C3-A41F52B5FEE0}.Release|Any CPU.Build.0 = Release|Any CPU
		{E9AFF3D3-A0FE-4EA2-817E-63CDED2CE782}.Debug|Any CPU.ActiveCfg = Debug|Any CPU
		{E9AFF3D3-A0FE-4EA2-817E-63CDED2CE782}.Debug|Any CPU.Build.0 = Debug|Any CPU
		{E9AFF3D3-A0FE-4EA2-817E-63CDED2CE782}.Release|Any CPU.ActiveCfg = Release|Any CPU
		{E9AFF3D3-A0FE-4EA2-817E-63CDED2CE782}.Release|Any CPU.Build.0 = Release|Any CPU
		{64D2648E-1E02-4BF4-BEEC-2B7DD1E4422E}.Debug|Any CPU.ActiveCfg = Debug|Any CPU
		{64D2648E-1E02-4BF4-BEEC-2B7DD1E4422E}.Debug|Any CPU.Build.0 = Debug|Any CPU
		{64D2648E-1E02-4BF4-BEEC-2B7DD1E4422E}.Release|Any CPU.ActiveCfg = Release|Any CPU
		{64D2648E-1E02-4BF4-BEEC-2B7DD1E4422E}.Release|Any CPU.Build.0 = Release|Any CPU
		{687670CE-9BDA-488F-83CA-A55426BBEFA3}.Debug|Any CPU.ActiveCfg = Debug|Any CPU
		{687670CE-9BDA-488F-83CA-A55426BBEFA3}.Debug|Any CPU.Build.0 = Debug|Any CPU
		{687670CE-9BDA-488F-83CA-A55426BBEFA3}.Release|Any CPU.ActiveCfg = Release|Any CPU
		{687670CE-9BDA-488F-83CA-A55426BBEFA3}.Release|Any CPU.Build.0 = Release|Any CPU
		{27685E34-28D3-4C3E-84C6-526076A9A30D}.Debug|Any CPU.ActiveCfg = Debug|Any CPU
		{27685E34-28D3-4C3E-84C6-526076A9A30D}.Debug|Any CPU.Build.0 = Debug|Any CPU
		{27685E34-28D3-4C3E-84C6-526076A9A30D}.Release|Any CPU.ActiveCfg = Release|Any CPU
		{27685E34-28D3-4C3E-84C6-526076A9A30D}.Release|Any CPU.Build.0 = Release|Any CPU
		{80B8317F-654E-42BB-821A-D35A3ADEB0A6}.Debug|Any CPU.ActiveCfg = Debug|Any CPU
		{80B8317F-654E-42BB-821A-D35A3ADEB0A6}.Debug|Any CPU.Build.0 = Debug|Any CPU
		{80B8317F-654E-42BB-821A-D35A3ADEB0A6}.Release|Any CPU.ActiveCfg = Release|Any CPU
		{80B8317F-654E-42BB-821A-D35A3ADEB0A6}.Release|Any CPU.Build.0 = Release|Any CPU
		{DA78B669-2791-4E17-A91A-1160409F7EE4}.Debug|Any CPU.ActiveCfg = Debug|Any CPU
		{DA78B669-2791-4E17-A91A-1160409F7EE4}.Debug|Any CPU.Build.0 = Debug|Any CPU
		{DA78B669-2791-4E17-A91A-1160409F7EE4}.Release|Any CPU.ActiveCfg = Release|Any CPU
		{DA78B669-2791-4E17-A91A-1160409F7EE4}.Release|Any CPU.Build.0 = Release|Any CPU
		{9E3B3818-51E2-4E90-B492-910D5E87B648}.Debug|Any CPU.ActiveCfg = Debug|Any CPU
		{9E3B3818-51E2-4E90-B492-910D5E87B648}.Debug|Any CPU.Build.0 = Debug|Any CPU
		{9E3B3818-51E2-4E90-B492-910D5E87B648}.Release|Any CPU.ActiveCfg = Release|Any CPU
		{9E3B3818-51E2-4E90-B492-910D5E87B648}.Release|Any CPU.Build.0 = Release|Any CPU
		{471E8821-75EF-4306-B279-6EFCC5CEFEC9}.Debug|Any CPU.ActiveCfg = Debug|Any CPU
		{471E8821-75EF-4306-B279-6EFCC5CEFEC9}.Debug|Any CPU.Build.0 = Debug|Any CPU
		{471E8821-75EF-4306-B279-6EFCC5CEFEC9}.Release|Any CPU.ActiveCfg = Release|Any CPU
		{471E8821-75EF-4306-B279-6EFCC5CEFEC9}.Release|Any CPU.Build.0 = Release|Any CPU
		{4BE31B7F-2183-4BE0-8B29-E5BB2D6DD15C}.Debug|Any CPU.ActiveCfg = Debug|Any CPU
		{4BE31B7F-2183-4BE0-8B29-E5BB2D6DD15C}.Debug|Any CPU.Build.0 = Debug|Any CPU
		{4BE31B7F-2183-4BE0-8B29-E5BB2D6DD15C}.Release|Any CPU.ActiveCfg = Release|Any CPU
		{4BE31B7F-2183-4BE0-8B29-E5BB2D6DD15C}.Release|Any CPU.Build.0 = Release|Any CPU
		{90B80731-72F4-491A-BB2C-BE9B9B9EA00E}.Debug|Any CPU.ActiveCfg = Debug|Any CPU
		{90B80731-72F4-491A-BB2C-BE9B9B9EA00E}.Debug|Any CPU.Build.0 = Debug|Any CPU
		{90B80731-72F4-491A-BB2C-BE9B9B9EA00E}.Release|Any CPU.ActiveCfg = Release|Any CPU
		{90B80731-72F4-491A-BB2C-BE9B9B9EA00E}.Release|Any CPU.Build.0 = Release|Any CPU
		{BC967166-C258-4BDE-A316-015B7A8D56C0}.Debug|Any CPU.ActiveCfg = Debug|Any CPU
		{BC967166-C258-4BDE-A316-015B7A8D56C0}.Debug|Any CPU.Build.0 = Debug|Any CPU
		{BC967166-C258-4BDE-A316-015B7A8D56C0}.Release|Any CPU.ActiveCfg = Release|Any CPU
		{BC967166-C258-4BDE-A316-015B7A8D56C0}.Release|Any CPU.Build.0 = Release|Any CPU
	EndGlobalSection
	GlobalSection(SolutionProperties) = preSolution
		HideSolutionNode = FALSE
	EndGlobalSection
	GlobalSection(ExtensibilityGlobals) = postSolution
		SolutionGuid = {D827DD3C-71E9-4149-A3F9-4A1742F05CB9}
	EndGlobalSection
EndGlobal
